// !$*UTF8*$!
{
	archiveVersion = 1;
	classes = {
	};
	objectVersion = 56;
	objects = {

/* Begin PBXBuildFile section */
		367144252B9B205200FA53B4 /* AppDelegate.swift in Sources */ = {isa = PBXBuildFile; fileRef = 367144242B9B205200FA53B4 /* AppDelegate.swift */; };
		367144272B9B205200FA53B4 /* SceneDelegate.swift in Sources */ = {isa = PBXBuildFile; fileRef = 367144262B9B205200FA53B4 /* SceneDelegate.swift */; };
		3671442F2B9B205200FA53B4 /* NewsApp.xcdatamodeld in Sources */ = {isa = PBXBuildFile; fileRef = 3671442D2B9B205200FA53B4 /* NewsApp.xcdatamodeld */; };
		367144312B9B205400FA53B4 /* Assets.xcassets in Resources */ = {isa = PBXBuildFile; fileRef = 367144302B9B205400FA53B4 /* Assets.xcassets */; };
		367144342B9B205400FA53B4 /* LaunchScreen.storyboard in Resources */ = {isa = PBXBuildFile; fileRef = 367144322B9B205400FA53B4 /* LaunchScreen.storyboard */; };
		3671443F2B9B205500FA53B4 /* NewsAppTests.swift in Sources */ = {isa = PBXBuildFile; fileRef = 3671443E2B9B205500FA53B4 /* NewsAppTests.swift */; };
		367144492B9B205500FA53B4 /* NewsAppUITests.swift in Sources */ = {isa = PBXBuildFile; fileRef = 367144482B9B205500FA53B4 /* NewsAppUITests.swift */; };
		3671444B2B9B205500FA53B4 /* NewsAppUITestsLaunchTests.swift in Sources */ = {isa = PBXBuildFile; fileRef = 3671444A2B9B205500FA53B4 /* NewsAppUITestsLaunchTests.swift */; };
		3671445A2B9B208400FA53B4 /* HomScreenViewController.swift in Sources */ = {isa = PBXBuildFile; fileRef = 367144582B9B208400FA53B4 /* HomScreenViewController.swift */; };
		3671445B2B9B208400FA53B4 /* HomScreenViewController.xib in Resources */ = {isa = PBXBuildFile; fileRef = 367144592B9B208400FA53B4 /* HomScreenViewController.xib */; };
		3671445F2B9B237300FA53B4 /* newsTableViewCell.swift in Sources */ = {isa = PBXBuildFile; fileRef = 3671445D2B9B237300FA53B4 /* newsTableViewCell.swift */; };
		367144602B9B237300FA53B4 /* newsTableViewCell.xib in Resources */ = {isa = PBXBuildFile; fileRef = 3671445E2B9B237300FA53B4 /* newsTableViewCell.xib */; };
		367144622B9B2FDB00FA53B4 /* NewsCellModel.swift in Sources */ = {isa = PBXBuildFile; fileRef = 367144612B9B2FDB00FA53B4 /* NewsCellModel.swift */; };
		36B5BBAC2B9EC8B90066B400 /* APICaller.swift in Sources */ = {isa = PBXBuildFile; fileRef = 36B5BBAB2B9EC8B90066B400 /* APICaller.swift */; };
		36B5BBAF2B9ECD4D0066B400 /* Observable.swift in Sources */ = {isa = PBXBuildFile; fileRef = 36B5BBAE2B9ECD4D0066B400 /* Observable.swift */; };
		36B5BBB22B9ECEB40066B400 /* NewsTableCellModel.swift in Sources */ = {isa = PBXBuildFile; fileRef = 36B5BBB12B9ECEB40066B400 /* NewsTableCellModel.swift */; };
		36B5BBB42B9ED2BD0066B400 /* MainViewModel.swift in Sources */ = {isa = PBXBuildFile; fileRef = 36B5BBB32B9ED2BD0066B400 /* MainViewModel.swift */; };
		36B5BBB72B9EED8F0066B400 /* SDWebImage in Frameworks */ = {isa = PBXBuildFile; productRef = 36B5BBB62B9EED8F0066B400 /* SDWebImage */; };
		36B5BBB92B9EED8F0066B400 /* SDWebImageMapKit in Frameworks */ = {isa = PBXBuildFile; productRef = 36B5BBB82B9EED8F0066B400 /* SDWebImageMapKit */; };
		36B5BBBC2B9F0E4D0066B400 /* NewsDetailViewController.swift in Sources */ = {isa = PBXBuildFile; fileRef = 36B5BBBA2B9F0E4D0066B400 /* NewsDetailViewController.swift */; };
		36B5BBBD2B9F0E4D0066B400 /* NewsDetailViewController.xib in Resources */ = {isa = PBXBuildFile; fileRef = 36B5BBBB2B9F0E4D0066B400 /* NewsDetailViewController.xib */; };
		36B5BBBF2B9F14780066B400 /* DetailViewModel.swift in Sources */ = {isa = PBXBuildFile; fileRef = 36B5BBBE2B9F14780066B400 /* DetailViewModel.swift */; };
/* End PBXBuildFile section */

/* Begin PBXContainerItemProxy section */
		3671443B2B9B205500FA53B4 /* PBXContainerItemProxy */ = {
			isa = PBXContainerItemProxy;
			containerPortal = 367144192B9B205200FA53B4 /* Project object */;
			proxyType = 1;
			remoteGlobalIDString = 367144202B9B205200FA53B4;
			remoteInfo = NewsApp;
		};
		367144452B9B205500FA53B4 /* PBXContainerItemProxy */ = {
			isa = PBXContainerItemProxy;
			containerPortal = 367144192B9B205200FA53B4 /* Project object */;
			proxyType = 1;
			remoteGlobalIDString = 367144202B9B205200FA53B4;
			remoteInfo = NewsApp;
		};
/* End PBXContainerItemProxy section */

/* Begin PBXFileReference section */
		367144212B9B205200FA53B4 /* NewsApp.app */ = {isa = PBXFileReference; explicitFileType = wrapper.application; includeInIndex = 0; path = NewsApp.app; sourceTree = BUILT_PRODUCTS_DIR; };
		367144242B9B205200FA53B4 /* AppDelegate.swift */ = {isa = PBXFileReference; lastKnownFileType = sourcecode.swift; path = AppDelegate.swift; sourceTree = "<group>"; };
		367144262B9B205200FA53B4 /* SceneDelegate.swift */ = {isa = PBXFileReference; lastKnownFileType = sourcecode.swift; path = SceneDelegate.swift; sourceTree = "<group>"; };
		3671442E2B9B205200FA53B4 /* NewsApp.xcdatamodel */ = {isa = PBXFileReference; lastKnownFileType = wrapper.xcdatamodel; path = NewsApp.xcdatamodel; sourceTree = "<group>"; };
		367144302B9B205400FA53B4 /* Assets.xcassets */ = {isa = PBXFileReference; lastKnownFileType = folder.assetcatalog; path = Assets.xcassets; sourceTree = "<group>"; };
		367144332B9B205400FA53B4 /* Base */ = {isa = PBXFileReference; lastKnownFileType = file.storyboard; name = Base; path = Base.lproj/LaunchScreen.storyboard; sourceTree = "<group>"; };
		367144352B9B205400FA53B4 /* Info.plist */ = {isa = PBXFileReference; lastKnownFileType = text.plist.xml; path = Info.plist; sourceTree = "<group>"; };
		3671443A2B9B205500FA53B4 /* NewsAppTests.xctest */ = {isa = PBXFileReference; explicitFileType = wrapper.cfbundle; includeInIndex = 0; path = NewsAppTests.xctest; sourceTree = BUILT_PRODUCTS_DIR; };
		3671443E2B9B205500FA53B4 /* NewsAppTests.swift */ = {isa = PBXFileReference; lastKnownFileType = sourcecode.swift; path = NewsAppTests.swift; sourceTree = "<group>"; };
		367144442B9B205500FA53B4 /* NewsAppUITests.xctest */ = {isa = PBXFileReference; explicitFileType = wrapper.cfbundle; includeInIndex = 0; path = NewsAppUITests.xctest; sourceTree = BUILT_PRODUCTS_DIR; };
		367144482B9B205500FA53B4 /* NewsAppUITests.swift */ = {isa = PBXFileReference; lastKnownFileType = sourcecode.swift; path = NewsAppUITests.swift; sourceTree = "<group>"; };
		3671444A2B9B205500FA53B4 /* NewsAppUITestsLaunchTests.swift */ = {isa = PBXFileReference; lastKnownFileType = sourcecode.swift; path = NewsAppUITestsLaunchTests.swift; sourceTree = "<group>"; };
		367144582B9B208400FA53B4 /* HomScreenViewController.swift */ = {isa = PBXFileReference; lastKnownFileType = sourcecode.swift; path = HomScreenViewController.swift; sourceTree = "<group>"; };
		367144592B9B208400FA53B4 /* HomScreenViewController.xib */ = {isa = PBXFileReference; lastKnownFileType = file.xib; path = HomScreenViewController.xib; sourceTree = "<group>"; };
		3671445D2B9B237300FA53B4 /* newsTableViewCell.swift */ = {isa = PBXFileReference; lastKnownFileType = sourcecode.swift; path = newsTableViewCell.swift; sourceTree = "<group>"; };
		3671445E2B9B237300FA53B4 /* newsTableViewCell.xib */ = {isa = PBXFileReference; lastKnownFileType = file.xib; path = newsTableViewCell.xib; sourceTree = "<group>"; };
		367144612B9B2FDB00FA53B4 /* NewsCellModel.swift */ = {isa = PBXFileReference; lastKnownFileType = sourcecode.swift; path = NewsCellModel.swift; sourceTree = "<group>"; };
		36B5BBAB2B9EC8B90066B400 /* APICaller.swift */ = {isa = PBXFileReference; lastKnownFileType = sourcecode.swift; path = APICaller.swift; sourceTree = "<group>"; };
		36B5BBAE2B9ECD4D0066B400 /* Observable.swift */ = {isa = PBXFileReference; lastKnownFileType = sourcecode.swift; path = Observable.swift; sourceTree = "<group>"; };
		36B5BBB12B9ECEB40066B400 /* NewsTableCellModel.swift */ = {isa = PBXFileReference; lastKnownFileType = sourcecode.swift; path = NewsTableCellModel.swift; sourceTree = "<group>"; };
		36B5BBB32B9ED2BD0066B400 /* MainViewModel.swift */ = {isa = PBXFileReference; lastKnownFileType = sourcecode.swift; path = MainViewModel.swift; sourceTree = "<group>"; };
		36B5BBBA2B9F0E4D0066B400 /* NewsDetailViewController.swift */ = {isa = PBXFileReference; lastKnownFileType = sourcecode.swift; path = NewsDetailViewController.swift; sourceTree = "<group>"; };
		36B5BBBB2B9F0E4D0066B400 /* NewsDetailViewController.xib */ = {isa = PBXFileReference; lastKnownFileType = file.xib; path = NewsDetailViewController.xib; sourceTree = "<group>"; };
		36B5BBBE2B9F14780066B400 /* DetailViewModel.swift */ = {isa = PBXFileReference; lastKnownFileType = sourcecode.swift; path = DetailViewModel.swift; sourceTree = "<group>"; };
/* End PBXFileReference section */

/* Begin PBXFrameworksBuildPhase section */
		3671441E2B9B205200FA53B4 /* Frameworks */ = {
			isa = PBXFrameworksBuildPhase;
			buildActionMask = 2147483647;
			files = (
				36B5BBB92B9EED8F0066B400 /* SDWebImageMapKit in Frameworks */,
				36B5BBB72B9EED8F0066B400 /* SDWebImage in Frameworks */,
			);
			runOnlyForDeploymentPostprocessing = 0;
		};
		367144372B9B205500FA53B4 /* Frameworks */ = {
			isa = PBXFrameworksBuildPhase;
			buildActionMask = 2147483647;
			files = (
			);
			runOnlyForDeploymentPostprocessing = 0;
		};
		367144412B9B205500FA53B4 /* Frameworks */ = {
			isa = PBXFrameworksBuildPhase;
			buildActionMask = 2147483647;
			files = (
			);
			runOnlyForDeploymentPostprocessing = 0;
		};
/* End PBXFrameworksBuildPhase section */

/* Begin PBXGroup section */
		367144182B9B205200FA53B4 = {
			isa = PBXGroup;
			children = (
				367144232B9B205200FA53B4 /* NewsApp */,
				3671443D2B9B205500FA53B4 /* NewsAppTests */,
				367144472B9B205500FA53B4 /* NewsAppUITests */,
				367144222B9B205200FA53B4 /* Products */,
			);
			sourceTree = "<group>";
		};
		367144222B9B205200FA53B4 /* Products */ = {
			isa = PBXGroup;
			children = (
				367144212B9B205200FA53B4 /* NewsApp.app */,
				3671443A2B9B205500FA53B4 /* NewsAppTests.xctest */,
				367144442B9B205500FA53B4 /* NewsAppUITests.xctest */,
			);
			name = Products;
			sourceTree = "<group>";
		};
		367144232B9B205200FA53B4 /* NewsApp */ = {
			isa = PBXGroup;
			children = (
				3671445C2B9B217700FA53B4 /* Application */,
				36B5BBB02B9ECE980066B400 /* NewsCellViewModel */,
				36B5BBAD2B9ECD370066B400 /* Classes */,
				367144572B9B206900FA53B4 /* Controller */,
				367144302B9B205400FA53B4 /* Assets.xcassets */,
				367144322B9B205400FA53B4 /* LaunchScreen.storyboard */,
				367144352B9B205400FA53B4 /* Info.plist */,
				3671442D2B9B205200FA53B4 /* NewsApp.xcdatamodeld */,
			);
			path = NewsApp;
			sourceTree = "<group>";
		};
		3671443D2B9B205500FA53B4 /* NewsAppTests */ = {
			isa = PBXGroup;
			children = (
				3671443E2B9B205500FA53B4 /* NewsAppTests.swift */,
			);
			path = NewsAppTests;
			sourceTree = "<group>";
		};
		367144472B9B205500FA53B4 /* NewsAppUITests */ = {
			isa = PBXGroup;
			children = (
				367144482B9B205500FA53B4 /* NewsAppUITests.swift */,
				3671444A2B9B205500FA53B4 /* NewsAppUITestsLaunchTests.swift */,
			);
			path = NewsAppUITests;
			sourceTree = "<group>";
		};
		367144572B9B206900FA53B4 /* Controller */ = {
			isa = PBXGroup;
			children = (
				367144582B9B208400FA53B4 /* HomScreenViewController.swift */,
				367144592B9B208400FA53B4 /* HomScreenViewController.xib */,
				3671445D2B9B237300FA53B4 /* newsTableViewCell.swift */,
				3671445E2B9B237300FA53B4 /* newsTableViewCell.xib */,
				36B5BBBA2B9F0E4D0066B400 /* NewsDetailViewController.swift */,
				36B5BBBB2B9F0E4D0066B400 /* NewsDetailViewController.xib */,
			);
			path = Controller;
			sourceTree = "<group>";
		};
		3671445C2B9B217700FA53B4 /* Application */ = {
			isa = PBXGroup;
			children = (
				367144242B9B205200FA53B4 /* AppDelegate.swift */,
				367144262B9B205200FA53B4 /* SceneDelegate.swift */,
			);
			path = Application;
			sourceTree = "<group>";
		};
		36B5BBAD2B9ECD370066B400 /* Classes */ = {
			isa = PBXGroup;
			children = (
				36B5BBAB2B9EC8B90066B400 /* APICaller.swift */,
				36B5BBAE2B9ECD4D0066B400 /* Observable.swift */,
			);
			path = Classes;
			sourceTree = "<group>";
		};
		36B5BBB02B9ECE980066B400 /* NewsCellViewModel */ = {
			isa = PBXGroup;
			children = (
				36B5BBB12B9ECEB40066B400 /* NewsTableCellModel.swift */,
				36B5BBB32B9ED2BD0066B400 /* MainViewModel.swift */,
				36B5BBBE2B9F14780066B400 /* DetailViewModel.swift */,
				367144612B9B2FDB00FA53B4 /* NewsCellModel.swift */,
			);
			path = NewsCellViewModel;
			sourceTree = "<group>";
		};
/* End PBXGroup section */

/* Begin PBXNativeTarget section */
		367144202B9B205200FA53B4 /* NewsApp */ = {
			isa = PBXNativeTarget;
			buildConfigurationList = 3671444E2B9B205500FA53B4 /* Build configuration list for PBXNativeTarget "NewsApp" */;
			buildPhases = (
				3671441D2B9B205200FA53B4 /* Sources */,
				3671441E2B9B205200FA53B4 /* Frameworks */,
				3671441F2B9B205200FA53B4 /* Resources */,
			);
			buildRules = (
			);
			dependencies = (
			);
			name = NewsApp;
			packageProductDependencies = (
				36B5BBB62B9EED8F0066B400 /* SDWebImage */,
				36B5BBB82B9EED8F0066B400 /* SDWebImageMapKit */,
			);
			productName = NewsApp;
			productReference = 367144212B9B205200FA53B4 /* NewsApp.app */;
			productType = "com.apple.product-type.application";
		};
		367144392B9B205500FA53B4 /* NewsAppTests */ = {
			isa = PBXNativeTarget;
			buildConfigurationList = 367144512B9B205500FA53B4 /* Build configuration list for PBXNativeTarget "NewsAppTests" */;
			buildPhases = (
				367144362B9B205500FA53B4 /* Sources */,
				367144372B9B205500FA53B4 /* Frameworks */,
				367144382B9B205500FA53B4 /* Resources */,
			);
			buildRules = (
			);
			dependencies = (
				3671443C2B9B205500FA53B4 /* PBXTargetDependency */,
			);
			name = NewsAppTests;
			productName = NewsAppTests;
			productReference = 3671443A2B9B205500FA53B4 /* NewsAppTests.xctest */;
			productType = "com.apple.product-type.bundle.unit-test";
		};
		367144432B9B205500FA53B4 /* NewsAppUITests */ = {
			isa = PBXNativeTarget;
			buildConfigurationList = 367144542B9B205500FA53B4 /* Build configuration list for PBXNativeTarget "NewsAppUITests" */;
			buildPhases = (
				367144402B9B205500FA53B4 /* Sources */,
				367144412B9B205500FA53B4 /* Frameworks */,
				367144422B9B205500FA53B4 /* Resources */,
			);
			buildRules = (
			);
			dependencies = (
				367144462B9B205500FA53B4 /* PBXTargetDependency */,
			);
			name = NewsAppUITests;
			productName = NewsAppUITests;
			productReference = 367144442B9B205500FA53B4 /* NewsAppUITests.xctest */;
			productType = "com.apple.product-type.bundle.ui-testing";
		};
/* End PBXNativeTarget section */

/* Begin PBXProject section */
		367144192B9B205200FA53B4 /* Project object */ = {
			isa = PBXProject;
			attributes = {
				BuildIndependentTargetsInParallel = 1;
				LastSwiftUpdateCheck = 1420;
				LastUpgradeCheck = 1420;
				TargetAttributes = {
					367144202B9B205200FA53B4 = {
						CreatedOnToolsVersion = 14.2;
					};
					367144392B9B205500FA53B4 = {
						CreatedOnToolsVersion = 14.2;
						TestTargetID = 367144202B9B205200FA53B4;
					};
					367144432B9B205500FA53B4 = {
						CreatedOnToolsVersion = 14.2;
						TestTargetID = 367144202B9B205200FA53B4;
					};
				};
			};
			buildConfigurationList = 3671441C2B9B205200FA53B4 /* Build configuration list for PBXProject "NewsApp" */;
			compatibilityVersion = "Xcode 14.0";
			developmentRegion = en;
			hasScannedForEncodings = 0;
			knownRegions = (
				en,
				Base,
			);
			mainGroup = 367144182B9B205200FA53B4;
			packageReferences = (
				36B5BBB52B9EED8F0066B400 /* XCRemoteSwiftPackageReference "SDWebImage" */,
			);
			productRefGroup = 367144222B9B205200FA53B4 /* Products */;
			projectDirPath = "";
			projectRoot = "";
			targets = (
				367144202B9B205200FA53B4 /* NewsApp */,
				367144392B9B205500FA53B4 /* NewsAppTests */,
				367144432B9B205500FA53B4 /* NewsAppUITests */,
			);
		};
/* End PBXProject section */

/* Begin PBXResourcesBuildPhase section */
		3671441F2B9B205200FA53B4 /* Resources */ = {
			isa = PBXResourcesBuildPhase;
			buildActionMask = 2147483647;
			files = (
				367144342B9B205400FA53B4 /* LaunchScreen.storyboard in Resources */,
				36B5BBBD2B9F0E4D0066B400 /* NewsDetailViewController.xib in Resources */,
				367144312B9B205400FA53B4 /* Assets.xcassets in Resources */,
				367144602B9B237300FA53B4 /* newsTableViewCell.xib in Resources */,
				3671445B2B9B208400FA53B4 /* HomScreenViewController.xib in Resources */,
			);
			runOnlyForDeploymentPostprocessing = 0;
		};
		367144382B9B205500FA53B4 /* Resources */ = {
			isa = PBXResourcesBuildPhase;
			buildActionMask = 2147483647;
			files = (
			);
			runOnlyForDeploymentPostprocessing = 0;
		};
		367144422B9B205500FA53B4 /* Resources */ = {
			isa = PBXResourcesBuildPhase;
			buildActionMask = 2147483647;
			files = (
			);
			runOnlyForDeploymentPostprocessing = 0;
		};
/* End PBXResourcesBuildPhase section */

/* Begin PBXSourcesBuildPhase section */
		3671441D2B9B205200FA53B4 /* Sources */ = {
			isa = PBXSourcesBuildPhase;
			buildActionMask = 2147483647;
			files = (
				36B5BBAF2B9ECD4D0066B400 /* Observable.swift in Sources */,
				367144622B9B2FDB00FA53B4 /* NewsCellModel.swift in Sources */,
				3671445A2B9B208400FA53B4 /* HomScreenViewController.swift in Sources */,
				367144252B9B205200FA53B4 /* AppDelegate.swift in Sources */,
				36B5BBAC2B9EC8B90066B400 /* APICaller.swift in Sources */,
				36B5BBB42B9ED2BD0066B400 /* MainViewModel.swift in Sources */,
				36B5BBBC2B9F0E4D0066B400 /* NewsDetailViewController.swift in Sources */,
				36B5BBBF2B9F14780066B400 /* DetailViewModel.swift in Sources */,
				36B5BBB22B9ECEB40066B400 /* NewsTableCellModel.swift in Sources */,
				3671442F2B9B205200FA53B4 /* NewsApp.xcdatamodeld in Sources */,
				367144272B9B205200FA53B4 /* SceneDelegate.swift in Sources */,
				3671445F2B9B237300FA53B4 /* newsTableViewCell.swift in Sources */,
			);
			runOnlyForDeploymentPostprocessing = 0;
		};
		367144362B9B205500FA53B4 /* Sources */ = {
			isa = PBXSourcesBuildPhase;
			buildActionMask = 2147483647;
			files = (
				3671443F2B9B205500FA53B4 /* NewsAppTests.swift in Sources */,
			);
			runOnlyForDeploymentPostprocessing = 0;
		};
		367144402B9B205500FA53B4 /* Sources */ = {
			isa = PBXSourcesBuildPhase;
			buildActionMask = 2147483647;
			files = (
				367144492B9B205500FA53B4 /* NewsAppUITests.swift in Sources */,
				3671444B2B9B205500FA53B4 /* NewsAppUITestsLaunchTests.swift in Sources */,
			);
			runOnlyForDeploymentPostprocessing = 0;
		};
/* End PBXSourcesBuildPhase section */

/* Begin PBXTargetDependency section */
		3671443C2B9B205500FA53B4 /* PBXTargetDependency */ = {
			isa = PBXTargetDependency;
			target = 367144202B9B205200FA53B4 /* NewsApp */;
			targetProxy = 3671443B2B9B205500FA53B4 /* PBXContainerItemProxy */;
		};
		367144462B9B205500FA53B4 /* PBXTargetDependency */ = {
			isa = PBXTargetDependency;
			target = 367144202B9B205200FA53B4 /* NewsApp */;
			targetProxy = 367144452B9B205500FA53B4 /* PBXContainerItemProxy */;
		};
/* End PBXTargetDependency section */

/* Begin PBXVariantGroup section */
		367144322B9B205400FA53B4 /* LaunchScreen.storyboard */ = {
			isa = PBXVariantGroup;
			children = (
				367144332B9B205400FA53B4 /* Base */,
			);
			name = LaunchScreen.storyboard;
			sourceTree = "<group>";
		};
/* End PBXVariantGroup section */

/* Begin XCBuildConfiguration section */
		3671444C2B9B205500FA53B4 /* Debug */ = {
			isa = XCBuildConfiguration;
			buildSettings = {
				ALWAYS_SEARCH_USER_PATHS = NO;
				CLANG_ANALYZER_NONNULL = YES;
				CLANG_ANALYZER_NUMBER_OBJECT_CONVERSION = YES_AGGRESSIVE;
				CLANG_CXX_LANGUAGE_STANDARD = "gnu++20";
				CLANG_ENABLE_MODULES = YES;
				CLANG_ENABLE_OBJC_ARC = YES;
				CLANG_ENABLE_OBJC_WEAK = YES;
				CLANG_WARN_BLOCK_CAPTURE_AUTORELEASING = YES;
				CLANG_WARN_BOOL_CONVERSION = YES;
				CLANG_WARN_COMMA = YES;
				CLANG_WARN_CONSTANT_CONVERSION = YES;
				CLANG_WARN_DEPRECATED_OBJC_IMPLEMENTATIONS = YES;
				CLANG_WARN_DIRECT_OBJC_ISA_USAGE = YES_ERROR;
				CLANG_WARN_DOCUMENTATION_COMMENTS = YES;
				CLANG_WARN_EMPTY_BODY = YES;
				CLANG_WARN_ENUM_CONVERSION = YES;
				CLANG_WARN_INFINITE_RECURSION = YES;
				CLANG_WARN_INT_CONVERSION = YES;
				CLANG_WARN_NON_LITERAL_NULL_CONVERSION = YES;
				CLANG_WARN_OBJC_IMPLICIT_RETAIN_SELF = YES;
				CLANG_WARN_OBJC_LITERAL_CONVERSION = YES;
				CLANG_WARN_OBJC_ROOT_CLASS = YES_ERROR;
				CLANG_WARN_QUOTED_INCLUDE_IN_FRAMEWORK_HEADER = YES;
				CLANG_WARN_RANGE_LOOP_ANALYSIS = YES;
				CLANG_WARN_STRICT_PROTOTYPES = YES;
				CLANG_WARN_SUSPICIOUS_MOVE = YES;
				CLANG_WARN_UNGUARDED_AVAILABILITY = YES_AGGRESSIVE;
				CLANG_WARN_UNREACHABLE_CODE = YES;
				CLANG_WARN__DUPLICATE_METHOD_MATCH = YES;
				COPY_PHASE_STRIP = NO;
				DEBUG_INFORMATION_FORMAT = dwarf;
				ENABLE_STRICT_OBJC_MSGSEND = YES;
				ENABLE_TESTABILITY = YES;
				GCC_C_LANGUAGE_STANDARD = gnu11;
				GCC_DYNAMIC_NO_PIC = NO;
				GCC_NO_COMMON_BLOCKS = YES;
				GCC_OPTIMIZATION_LEVEL = 0;
				GCC_PREPROCESSOR_DEFINITIONS = (
					"DEBUG=1",
					"$(inherited)",
				);
				GCC_WARN_64_TO_32_BIT_CONVERSION = YES;
				GCC_WARN_ABOUT_RETURN_TYPE = YES_ERROR;
				GCC_WARN_UNDECLARED_SELECTOR = YES;
				GCC_WARN_UNINITIALIZED_AUTOS = YES_AGGRESSIVE;
				GCC_WARN_UNUSED_FUNCTION = YES;
				GCC_WARN_UNUSED_VARIABLE = YES;
				IPHONEOS_DEPLOYMENT_TARGET = 16.2;
				MTL_ENABLE_DEBUG_INFO = INCLUDE_SOURCE;
				MTL_FAST_MATH = YES;
				ONLY_ACTIVE_ARCH = YES;
				SDKROOT = iphoneos;
				SWIFT_ACTIVE_COMPILATION_CONDITIONS = DEBUG;
				SWIFT_OPTIMIZATION_LEVEL = "-Onone";
			};
			name = Debug;
		};
		3671444D2B9B205500FA53B4 /* Release */ = {
			isa = XCBuildConfiguration;
			buildSettings = {
				ALWAYS_SEARCH_USER_PATHS = NO;
				CLANG_ANALYZER_NONNULL = YES;
				CLANG_ANALYZER_NUMBER_OBJECT_CONVERSION = YES_AGGRESSIVE;
				CLANG_CXX_LANGUAGE_STANDARD = "gnu++20";
				CLANG_ENABLE_MODULES = YES;
				CLANG_ENABLE_OBJC_ARC = YES;
				CLANG_ENABLE_OBJC_WEAK = YES;
				CLANG_WARN_BLOCK_CAPTURE_AUTORELEASING = YES;
				CLANG_WARN_BOOL_CONVERSION = YES;
				CLANG_WARN_COMMA = YES;
				CLANG_WARN_CONSTANT_CONVERSION = YES;
				CLANG_WARN_DEPRECATED_OBJC_IMPLEMENTATIONS = YES;
				CLANG_WARN_DIRECT_OBJC_ISA_USAGE = YES_ERROR;
				CLANG_WARN_DOCUMENTATION_COMMENTS = YES;
				CLANG_WARN_EMPTY_BODY = YES;
				CLANG_WARN_ENUM_CONVERSION = YES;
				CLANG_WARN_INFINITE_RECURSION = YES;
				CLANG_WARN_INT_CONVERSION = YES;
				CLANG_WARN_NON_LITERAL_NULL_CONVERSION = YES;
				CLANG_WARN_OBJC_IMPLICIT_RETAIN_SELF = YES;
				CLANG_WARN_OBJC_LITERAL_CONVERSION = YES;
				CLANG_WARN_OBJC_ROOT_CLASS = YES_ERROR;
				CLANG_WARN_QUOTED_INCLUDE_IN_FRAMEWORK_HEADER = YES;
				CLANG_WARN_RANGE_LOOP_ANALYSIS = YES;
				CLANG_WARN_STRICT_PROTOTYPES = YES;
				CLANG_WARN_SUSPICIOUS_MOVE = YES;
				CLANG_WARN_UNGUARDED_AVAILABILITY = YES_AGGRESSIVE;
				CLANG_WARN_UNREACHABLE_CODE = YES;
				CLANG_WARN__DUPLICATE_METHOD_MATCH = YES;
				COPY_PHASE_STRIP = NO;
				DEBUG_INFORMATION_FORMAT = "dwarf-with-dsym";
				ENABLE_NS_ASSERTIONS = NO;
				ENABLE_STRICT_OBJC_MSGSEND = YES;
				GCC_C_LANGUAGE_STANDARD = gnu11;
				GCC_NO_COMMON_BLOCKS = YES;
				GCC_WARN_64_TO_32_BIT_CONVERSION = YES;
				GCC_WARN_ABOUT_RETURN_TYPE = YES_ERROR;
				GCC_WARN_UNDECLARED_SELECTOR = YES;
				GCC_WARN_UNINITIALIZED_AUTOS = YES_AGGRESSIVE;
				GCC_WARN_UNUSED_FUNCTION = YES;
				GCC_WARN_UNUSED_VARIABLE = YES;
				IPHONEOS_DEPLOYMENT_TARGET = 16.2;
				MTL_ENABLE_DEBUG_INFO = NO;
				MTL_FAST_MATH = YES;
				SDKROOT = iphoneos;
				SWIFT_COMPILATION_MODE = wholemodule;
				SWIFT_OPTIMIZATION_LEVEL = "-O";
				VALIDATE_PRODUCT = YES;
			};
			name = Release;
		};
		3671444F2B9B205500FA53B4 /* Debug */ = {
			isa = XCBuildConfiguration;
			buildSettings = {
				ASSETCATALOG_COMPILER_APPICON_NAME = AppIcon;
				ASSETCATALOG_COMPILER_GLOBAL_ACCENT_COLOR_NAME = AccentColor;
				CODE_SIGN_STYLE = Automatic;
				CURRENT_PROJECT_VERSION = 1;
				GENERATE_INFOPLIST_FILE = YES;
				INFOPLIST_FILE = NewsApp/Info.plist;
				INFOPLIST_KEY_UIApplicationSupportsIndirectInputEvents = YES;
				INFOPLIST_KEY_UILaunchStoryboardName = LaunchScreen;
				INFOPLIST_KEY_UISupportedInterfaceOrientations_iPad = "UIInterfaceOrientationPortrait UIInterfaceOrientationPortraitUpsideDown UIInterfaceOrientationLandscapeLeft UIInterfaceOrientationLandscapeRight";
				INFOPLIST_KEY_UISupportedInterfaceOrientations_iPhone = "UIInterfaceOrientationPortrait UIInterfaceOrientationLandscapeLeft UIInterfaceOrientationLandscapeRight";
				LD_RUNPATH_SEARCH_PATHS = (
					"$(inherited)",
					"@executable_path/Frameworks",
				);
				MARKETING_VERSION = 1.0;
				PRODUCT_BUNDLE_IDENTIFIER = io.Droom.NewsApp;
				PRODUCT_NAME = "$(TARGET_NAME)";
				SWIFT_EMIT_LOC_STRINGS = YES;
				SWIFT_VERSION = 5.0;
				TARGETED_DEVICE_FAMILY = "1,2";
			};
			name = Debug;
		};
		367144502B9B205500FA53B4 /* Release */ = {
			isa = XCBuildConfiguration;
			buildSettings = {
				ASSETCATALOG_COMPILER_APPICON_NAME = AppIcon;
				ASSETCATALOG_COMPILER_GLOBAL_ACCENT_COLOR_NAME = AccentColor;
				CODE_SIGN_STYLE = Automatic;
				CURRENT_PROJECT_VERSION = 1;
				GENERATE_INFOPLIST_FILE = YES;
				INFOPLIST_FILE = NewsApp/Info.plist;
				INFOPLIST_KEY_UIApplicationSupportsIndirectInputEvents = YES;
				INFOPLIST_KEY_UILaunchStoryboardName = LaunchScreen;
				INFOPLIST_KEY_UISupportedInterfaceOrientations_iPad = "UIInterfaceOrientationPortrait UIInterfaceOrientationPortraitUpsideDown UIInterfaceOrientationLandscapeLeft UIInterfaceOrientationLandscapeRight";
				INFOPLIST_KEY_UISupportedInterfaceOrientations_iPhone = "UIInterfaceOrientationPortrait UIInterfaceOrientationLandscapeLeft UIInterfaceOrientationLandscapeRight";
				LD_RUNPATH_SEARCH_PATHS = (
					"$(inherited)",
					"@executable_path/Frameworks",
				);
				MARKETING_VERSION = 1.0;
				PRODUCT_BUNDLE_IDENTIFIER = io.Droom.NewsApp;
				PRODUCT_NAME = "$(TARGET_NAME)";
				SWIFT_EMIT_LOC_STRINGS = YES;
				SWIFT_VERSION = 5.0;
				TARGETED_DEVICE_FAMILY = "1,2";
			};
			name = Release;
		};
		367144522B9B205500FA53B4 /* Debug */ = {
			isa = XCBuildConfiguration;
			buildSettings = {
				ALWAYS_EMBED_SWIFT_STANDARD_LIBRARIES = YES;
				BUNDLE_LOADER = "$(TEST_HOST)";
				CODE_SIGN_STYLE = Automatic;
				CURRENT_PROJECT_VERSION = 1;
				GENERATE_INFOPLIST_FILE = YES;
				IPHONEOS_DEPLOYMENT_TARGET = 16.2;
				MARKETING_VERSION = 1.0;
				PRODUCT_BUNDLE_IDENTIFIER = io.Droom.NewsAppTests;
				PRODUCT_NAME = "$(TARGET_NAME)";
				SWIFT_EMIT_LOC_STRINGS = NO;
				SWIFT_VERSION = 5.0;
				TARGETED_DEVICE_FAMILY = "1,2";
				TEST_HOST = "$(BUILT_PRODUCTS_DIR)/NewsApp.app/$(BUNDLE_EXECUTABLE_FOLDER_PATH)/NewsApp";
			};
			name = Debug;
		};
		367144532B9B205500FA53B4 /* Release */ = {
			isa = XCBuildConfiguration;
			buildSettings = {
				ALWAYS_EMBED_SWIFT_STANDARD_LIBRARIES = YES;
				BUNDLE_LOADER = "$(TEST_HOST)";
				CODE_SIGN_STYLE = Automatic;
				CURRENT_PROJECT_VERSION = 1;
				GENERATE_INFOPLIST_FILE = YES;
				IPHONEOS_DEPLOYMENT_TARGET = 16.2;
				MARKETING_VERSION = 1.0;
				PRODUCT_BUNDLE_IDENTIFIER = io.Droom.NewsAppTests;
				PRODUCT_NAME = "$(TARGET_NAME)";
				SWIFT_EMIT_LOC_STRINGS = NO;
				SWIFT_VERSION = 5.0;
				TARGETED_DEVICE_FAMILY = "1,2";
				TEST_HOST = "$(BUILT_PRODUCTS_DIR)/NewsApp.app/$(BUNDLE_EXECUTABLE_FOLDER_PATH)/NewsApp";
			};
			name = Release;
		};
		367144552B9B205500FA53B4 /* Debug */ = {
			isa = XCBuildConfiguration;
			buildSettings = {
				ALWAYS_EMBED_SWIFT_STANDARD_LIBRARIES = YES;
				CODE_SIGN_STYLE = Automatic;
				CURRENT_PROJECT_VERSION = 1;
				GENERATE_INFOPLIST_FILE = YES;
				MARKETING_VERSION = 1.0;
				PRODUCT_BUNDLE_IDENTIFIER = io.Droom.NewsAppUITests;
				PRODUCT_NAME = "$(TARGET_NAME)";
				SWIFT_EMIT_LOC_STRINGS = NO;
				SWIFT_VERSION = 5.0;
				TARGETED_DEVICE_FAMILY = "1,2";
				TEST_TARGET_NAME = NewsApp;
			};
			name = Debug;
		};
		367144562B9B205500FA53B4 /* Release */ = {
			isa = XCBuildConfiguration;
			buildSettings = {
				ALWAYS_EMBED_SWIFT_STANDARD_LIBRARIES = YES;
				CODE_SIGN_STYLE = Automatic;
				CURRENT_PROJECT_VERSION = 1;
				GENERATE_INFOPLIST_FILE = YES;
				MARKETING_VERSION = 1.0;
				PRODUCT_BUNDLE_IDENTIFIER = io.Droom.NewsAppUITests;
				PRODUCT_NAME = "$(TARGET_NAME)";
				SWIFT_EMIT_LOC_STRINGS = NO;
				SWIFT_VERSION = 5.0;
				TARGETED_DEVICE_FAMILY = "1,2";
				TEST_TARGET_NAME = NewsApp;
			};
			name = Release;
		};
/* End XCBuildConfiguration section */

/* Begin XCConfigurationList section */
		3671441C2B9B205200FA53B4 /* Build configuration list for PBXProject "NewsApp" */ = {
			isa = XCConfigurationList;
			buildConfigurations = (
				3671444C2B9B205500FA53B4 /* Debug */,
				3671444D2B9B205500FA53B4 /* Release */,
			);
			defaultConfigurationIsVisible = 0;
			defaultConfigurationName = Release;
		};
		3671444E2B9B205500FA53B4 /* Build configuration list for PBXNativeTarget "NewsApp" */ = {
			isa = XCConfigurationList;
			buildConfigurations = (
				3671444F2B9B205500FA53B4 /* Debug */,
				367144502B9B205500FA53B4 /* Release */,
			);
			defaultConfigurationIsVisible = 0;
			defaultConfigurationName = Release;
		};
		367144512B9B205500FA53B4 /* Build configuration list for PBXNativeTarget "NewsAppTests" */ = {
			isa = XCConfigurationList;
			buildConfigurations = (
				367144522B9B205500FA53B4 /* Debug */,
				367144532B9B205500FA53B4 /* Release */,
			);
			defaultConfigurationIsVisible = 0;
			defaultConfigurationName = Release;
		};
		367144542B9B205500FA53B4 /* Build configuration list for PBXNativeTarget "NewsAppUITests" */ = {
			isa = XCConfigurationList;
			buildConfigurations = (
				367144552B9B205500FA53B4 /* Debug */,
				367144562B9B205500FA53B4 /* Release */,
			);
			defaultConfigurationIsVisible = 0;
			defaultConfigurationName = Release;
		};
/* End XCConfigurationList section */

/* Begin XCRemoteSwiftPackageReference section */
		36B5BBB52B9EED8F0066B400 /* XCRemoteSwiftPackageReference "SDWebImage" */ = {
			isa = XCRemoteSwiftPackageReference;
			repositoryURL = "https://github.com/SDWebImage/SDWebImage";
			requirement = {
				kind = upToNextMajorVersion;
				minimumVersion = 5.0.0;
			};
		};
/* End XCRemoteSwiftPackageReference section */

/* Begin XCSwiftPackageProductDependency section */
		36B5BBB62B9EED8F0066B400 /* SDWebImage */ = {
			isa = XCSwiftPackageProductDependency;
			package = 36B5BBB52B9EED8F0066B400 /* XCRemoteSwiftPackageReference "SDWebImage" */;
			productName = SDWebImage;
		};
		36B5BBB82B9EED8F0066B400 /* SDWebImageMapKit */ = {
			isa = XCSwiftPackageProductDependency;
			package = 36B5BBB52B9EED8F0066B400 /* XCRemoteSwiftPackageReference "SDWebImage" */;
			productName = SDWebImageMapKit;
		};
/* End XCSwiftPackageProductDependency section */

/* Begin XCVersionGroup section */
		3671442D2B9B205200FA53B4 /* NewsApp.xcdatamodeld */ = {
			isa = XCVersionGroup;
			children = (
				3671442E2B9B205200FA53B4 /* NewsApp.xcdatamodel */,
			);
			currentVersion = 3671442E2B9B205200FA53B4 /* NewsApp.xcdatamodel */;
			path = NewsApp.xcdatamodeld;
			sourceTree = "<group>";
			versionGroupType = wrapper.xcdatamodel;
		};
/* End XCVersionGroup section */
	};
	rootObject = 367144192B9B205200FA53B4 /* Project object */;
}
